
Microsoft Visual Studio Solution File, Format Version 12.00
# Visual Studio Version 17
VisualStudioVersion = 17.13.35931.197 d17.13
MinimumVisualStudioVersion = 10.0.40219.1
Project("{FAE04EC0-301F-11D3-BF4B-00C04F79EFBC}") = "MoviesBookingApp", "MoviesBookingApp\MoviesBookingApp.csproj", "{BFD20607-0DA4-4610-ACFA-91ADCE469838}"
EndProject
Global
	GlobalSection(SolutionConfigurationPlatforms) = preSolution
		Debug|Any CPU = Debug|Any CPU
		Release|Any CPU = Release|Any CPU
	EndGlobalSection
	GlobalSection(ProjectConfigurationPlatforms) = postSolution
		{BFD20607-0DA4-4610-ACFA-91ADCE469838}.Debug|Any CPU.ActiveCfg = Debug|Any CPU
		{BFD20607-0DA4-4610-ACFA-91ADCE469838}.Debug|Any CPU.Build.0 = Debug|Any CPU
		{BFD20607-0DA4-4610-ACFA-91ADCE469838}.Release|Any CPU.ActiveCfg = Release|Any CPU
		{BFD20607-0DA4-4610-ACFA-91ADCE469838}.Release|Any CPU.Build.0 = Release|Any CPU
	EndGlobalSection
	GlobalSection(SolutionProperties) = preSolution
		HideSolutionNode = FALSE
	EndGlobalSection
	GlobalSection(ExtensibilityGlobals) = postSolution
		SolutionGuid = {46B4E53C-D532-4F86-BAA9-120FB00C7B1A}
	EndGlobalSection
EndGlobal
